{
  "version": 4,
  "terraform_version": "1.4.0",
  "serial": 748,
  "lineage": "89829c64-8883-9c67-dbd7-741cc0a412dd",
  "outputs": {
    "get_kubeconfig": {
      "value": "sleep 10 \u0026\u0026 ssh debian@162.38.112.28 'sudo cat /etc/rancher/k3s/k3s.yaml'",
      "type": "string"
    },
    "ip": {
      "value": "162.38.112.28",
      "type": "string"
    }
  },
  "resources": [
    {
      "mode": "data",
      "type": "openstack_networking_network_v2",
      "name": "public",
      "provider": "provider[\"registry.terraform.io/terraform-provider-openstack/openstack\"]",
      "instances": [
        {
          "schema_version": 0,
          "attributes": {
            "admin_state_up": "true",
            "all_tags": [],
            "availability_zone_hints": [],
            "description": "",
            "dns_domain": "",
            "external": true,
            "id": "5531528b-fb22-49ff-bca0-130efa5d9665",
            "matching_subnet_cidr": null,
            "mtu": 1500,
            "name": "public",
            "network_id": null,
            "region": "regionOne",
            "shared": "false",
            "status": null,
            "subnets": [
              "8b7d8fe1-9f99-4d9f-98b3-42c2088f24a7"
            ],
            "tags": null,
            "tenant_id": "228ba444101942ba9b92392bf86c470c",
            "transparent_vlan": false
          },
          "sensitive_attributes": []
        }
      ]
    },
    {
      "mode": "managed",
      "type": "openstack_compute_floatingip_associate_v2",
      "name": "this",
      "provider": "provider[\"registry.terraform.io/terraform-provider-openstack/openstack\"]",
      "instances": [
        {
          "schema_version": 0,
          "attributes": {
            "fixed_ip": "",
            "floating_ip": "162.38.112.28",
            "id": "162.38.112.28/5449ef02-a621-4843-8a3c-d603a7d76e3c/",
            "instance_id": "5449ef02-a621-4843-8a3c-d603a7d76e3c",
            "region": "regionOne",
            "timeouts": null,
            "wait_until_associated": null
          },
          "sensitive_attributes": [],
          "private": "eyJlMmJmYjczMC1lY2FhLTExZTYtOGY4OC0zNDM2M2JjN2M0YzAiOnsiY3JlYXRlIjo2MDAwMDAwMDAwMDB9fQ==",
          "dependencies": [
            "data.openstack_networking_network_v2.public",
            "openstack_compute_instance_v2.this",
            "openstack_compute_keypair_v2.this",
            "openstack_networking_floatingip_v2.this",
            "openstack_networking_network_v2.this",
            "openstack_networking_secgroup_v2.this"
          ]
        }
      ]
    },
    {
      "mode": "managed",
      "type": "openstack_compute_instance_v2",
      "name": "this",
      "provider": "provider[\"registry.terraform.io/terraform-provider-openstack/openstack\"]",
      "instances": [
        {
          "schema_version": 0,
          "attributes": {
            "access_ip_v4": "10.1.0.144",
            "access_ip_v6": "",
            "admin_pass": null,
            "all_metadata": {},
            "all_tags": [],
            "availability_zone": "nova",
            "availability_zone_hints": null,
            "block_device": [],
            "config_drive": null,
            "created": "2023-01-17 13:36:05 +0000 UTC",
            "flavor_id": "80147c13-bc86-4871-a883-3ab4944dddab",
            "flavor_name": "m1.xlarge",
            "floating_ip": null,
            "force_delete": false,
            "id": "5449ef02-a621-4843-8a3c-d603a7d76e3c",
            "image_id": "e48af359-6eff-452a-9806-2b097329044e",
            "image_name": "debian-11-genericcloud-1",
            "key_pair": "polyflix-development",
            "metadata": null,
            "name": "polyflix-development",
            "network": [
              {
                "access_network": false,
                "fixed_ip_v4": "10.1.0.144",
                "fixed_ip_v6": "",
                "floating_ip": "",
                "mac": "fa:16:3e:9c:ed:48",
                "name": "polyflix-development",
                "port": "",
                "uuid": "9874096a-e3dd-4639-a3b6-abd3397147c6"
              }
            ],
            "network_mode": null,
            "personality": [],
            "power_state": "active",
            "region": "regionOne",
            "scheduler_hints": [],
            "security_groups": [
              "polyflix-development"
            ],
            "stop_before_destroy": false,
            "tags": [],
            "timeouts": null,
            "updated": "2023-01-17 13:36:24 +0000 UTC",
            "user_data": "359ed737183f42619a607fb726827187097dcf2f",
            "vendor_options": [],
            "volume": []
          },
          "sensitive_attributes": [],
          "private": "eyJlMmJmYjczMC1lY2FhLTExZTYtOGY4OC0zNDM2M2JjN2M0YzAiOnsiY3JlYXRlIjoxODAwMDAwMDAwMDAwLCJkZWxldGUiOjE4MDAwMDAwMDAwMDAsInVwZGF0ZSI6MTgwMDAwMDAwMDAwMH19",
          "dependencies": [
            "data.openstack_networking_network_v2.public",
            "openstack_compute_keypair_v2.this",
            "openstack_networking_floatingip_v2.this",
            "openstack_networking_network_v2.this",
            "openstack_networking_secgroup_v2.this"
          ]
        }
      ]
    },
    {
      "mode": "managed",
      "type": "openstack_compute_keypair_v2",
      "name": "this",
      "provider": "provider[\"registry.terraform.io/terraform-provider-openstack/openstack\"]",
      "instances": [
        {
          "schema_version": 0,
          "attributes": {
            "fingerprint": "ef:f1:3a:18:08:2b:d1:0b:34:1b:b9:b9:c4:39:d6:d9",
            "id": "polyflix-development",
            "name": "polyflix-development",
            "private_key": "",
            "public_key": "ssh-rsa AAAAB3NzaC1yc2EAAAADAQABAAACAQCgh6ClwKy4Z0Fe4PlBSmTN7vEIKy0GgSHvTrF2WmESlorzvswilvDUK1Ohnw7N0rUVqsXTeiURe54INa0Ux5DcH0BePtdkwweJDJZIzi12e3Ml7FqnYINkZHHFbiS8iicz7NqSGvZyzsRKdvkAqVrY6Xc4pdiGotMjpnWsfYjxychcgmFjunbeSI8g/vLSsrIDmEqMAcv90DUoFxe9q2SJ0qu+VXt77iIfjJTXbIlIQ2YBw6QsmZMJTjU1VPJp9IdboXO2QzFUB70G/fr/wDKi3kzqKfWo2lubgSOOeoP/vtQ3lR92kcxvC2wRyR+O4FkxT3ywbx3wF9QSh0KPLtAqN+HPahnM5tPNPNsJEDuYasoKkwGw6tZIqVQAWHb2VpJajF27T+wCNCkgEGV7tvjYTXjHTRSXp2K6q5TxHrCS4DPcUA5JKmfGavgWnqeWQ60jTiTz2GObdQK3tsx+vqpFn8T0vK121trMSvNgo4MNQNvBHL+SnBLEHIbb2zMZNhqZSze3n2Ru0lr9hhBod14euk49JzxNPx/JLJz8DFF+Wh4bC1mRm3Pz0u1iT6UYi1ZXsfL4RpHQX3aQqphj+Ukxlz9ZKtrL9ghVIgfhvoBkET0mx3GrBDkPwwOQ8Lrn5e97VmnGsfDaB1YGfRFjinpSY8XyYUWKu2kfNzj46FoHPw== thomas@mbp-de-thomas.home\n",
            "region": "regionOne",
            "user_id": "",
            "value_specs": null
          },
          "sensitive_attributes": [],
          "private": "bnVsbA=="
        }
      ]
    },
    {
      "mode": "managed",
      "type": "openstack_networking_floatingip_v2",
      "name": "this",
      "provider": "provider[\"registry.terraform.io/terraform-provider-openstack/openstack\"]",
      "instances": [
        {
          "schema_version": 0,
          "attributes": {
            "address": "162.38.112.28",
            "all_tags": [],
            "description": "",
            "dns_domain": "",
            "dns_name": "",
            "fixed_ip": "10.1.0.144",
            "id": "2c662c57-a74b-4b33-b2e3-14fe25e20a67",
            "pool": "public",
            "port_id": "8f498241-9457-4ac4-9f87-9654e0060af9",
            "region": "regionOne",
            "subnet_id": null,
            "subnet_ids": null,
            "tags": [],
            "tenant_id": "9ab97b0fd6984ca2a6261286b66f4cae",
            "timeouts": null,
            "value_specs": null
          },
          "sensitive_attributes": [],
          "private": "eyJlMmJmYjczMC1lY2FhLTExZTYtOGY4OC0zNDM2M2JjN2M0YzAiOnsiY3JlYXRlIjo2MDAwMDAwMDAwMDAsImRlbGV0ZSI6NjAwMDAwMDAwMDAwfX0=",
          "dependencies": [
            "data.openstack_networking_network_v2.public"
          ]
        }
      ]
    },
    {
      "mode": "managed",
      "type": "openstack_networking_network_v2",
      "name": "this",
      "provider": "provider[\"registry.terraform.io/terraform-provider-openstack/openstack\"]",
      "instances": [
        {
          "schema_version": 0,
          "attributes": {
            "admin_state_up": true,
            "all_tags": [],
            "availability_zone_hints": [],
            "description": "",
            "dns_domain": "",
            "external": false,
            "id": "9874096a-e3dd-4639-a3b6-abd3397147c6",
            "mtu": 1500,
            "name": "polyflix-development",
            "port_security_enabled": true,
            "qos_policy_id": "",
            "region": "regionOne",
            "segments": [],
            "shared": false,
            "tags": [],
            "tenant_id": "9ab97b0fd6984ca2a6261286b66f4cae",
            "timeouts": null,
            "transparent_vlan": false,
            "value_specs": null
          },
          "sensitive_attributes": [],
          "private": "eyJlMmJmYjczMC1lY2FhLTExZTYtOGY4OC0zNDM2M2JjN2M0YzAiOnsiY3JlYXRlIjo2MDAwMDAwMDAwMDAsImRlbGV0ZSI6NjAwMDAwMDAwMDAwfX0="
        }
      ]
    },
    {
      "mode": "managed",
      "type": "openstack_networking_router_interface_v2",
      "name": "this",
      "provider": "provider[\"registry.terraform.io/terraform-provider-openstack/openstack\"]",
      "instances": [
        {
          "schema_version": 0,
          "attributes": {
            "id": "22200ad8-630c-41e6-810e-bc44ea8aabb0",
            "port_id": "22200ad8-630c-41e6-810e-bc44ea8aabb0",
            "region": "regionOne",
            "router_id": "a574ada8-981d-47c2-9720-cb8ae106cc20",
            "subnet_id": "5b19e3e7-4db1-45da-a3b4-5d21f31825ff",
            "timeouts": null
          },
          "sensitive_attributes": [],
          "private": "eyJlMmJmYjczMC1lY2FhLTExZTYtOGY4OC0zNDM2M2JjN2M0YzAiOnsiY3JlYXRlIjo2MDAwMDAwMDAwMDAsImRlbGV0ZSI6NjAwMDAwMDAwMDAwfX0=",
          "dependencies": [
            "data.openstack_networking_network_v2.public",
            "openstack_networking_network_v2.this",
            "openstack_networking_router_v2.this",
            "openstack_networking_subnet_v2.this"
          ]
        }
      ]
    },
    {
      "mode": "managed",
      "type": "openstack_networking_router_v2",
      "name": "this",
      "provider": "provider[\"registry.terraform.io/terraform-provider-openstack/openstack\"]",
      "instances": [
        {
          "schema_version": 0,
          "attributes": {
            "admin_state_up": true,
            "all_tags": [],
            "availability_zone_hints": [],
            "description": "",
            "distributed": false,
            "enable_snat": true,
            "external_fixed_ip": [
              {
                "ip_address": "162.38.112.58",
                "subnet_id": "8b7d8fe1-9f99-4d9f-98b3-42c2088f24a7"
              }
            ],
            "external_gateway": "5531528b-fb22-49ff-bca0-130efa5d9665",
            "external_network_id": "5531528b-fb22-49ff-bca0-130efa5d9665",
            "external_subnet_ids": null,
            "id": "a574ada8-981d-47c2-9720-cb8ae106cc20",
            "name": "polyflix-development",
            "region": "regionOne",
            "tags": [],
            "tenant_id": "9ab97b0fd6984ca2a6261286b66f4cae",
            "timeouts": null,
            "value_specs": null,
            "vendor_options": []
          },
          "sensitive_attributes": [],
          "private": "eyJlMmJmYjczMC1lY2FhLTExZTYtOGY4OC0zNDM2M2JjN2M0YzAiOnsiY3JlYXRlIjo2MDAwMDAwMDAwMDAsImRlbGV0ZSI6NjAwMDAwMDAwMDAwfX0=",
          "dependencies": [
            "data.openstack_networking_network_v2.public"
          ]
        }
      ]
    },
    {
      "mode": "managed",
      "type": "openstack_networking_secgroup_rule_v2",
      "name": "ingress",
      "provider": "provider[\"registry.terraform.io/terraform-provider-openstack/openstack\"]",
      "instances": [
        {
          "index_key": "22",
          "schema_version": 0,
          "attributes": {
            "description": "",
            "direction": "ingress",
            "ethertype": "IPv4",
            "id": "5824ab63-5a2d-4153-9be3-33cdc2445ed2",
            "port_range_max": 22,
            "port_range_min": 22,
            "protocol": "tcp",
            "region": "regionOne",
            "remote_group_id": "",
            "remote_ip_prefix": "",
            "security_group_id": "9805e337-6875-40c3-a4d6-c8a03f0a087a",
            "tenant_id": "9ab97b0fd6984ca2a6261286b66f4cae",
            "timeouts": null
          },
          "sensitive_attributes": [],
          "private": "eyJlMmJmYjczMC1lY2FhLTExZTYtOGY4OC0zNDM2M2JjN2M0YzAiOnsiZGVsZXRlIjo2MDAwMDAwMDAwMDB9fQ==",
          "dependencies": [
            "openstack_networking_secgroup_v2.this"
          ]
        },
        {
          "index_key": "443",
          "schema_version": 0,
          "attributes": {
            "description": "",
            "direction": "ingress",
            "ethertype": "IPv4",
            "id": "cb5c9086-7721-428e-aee5-0294830d395b",
            "port_range_max": 443,
            "port_range_min": 443,
            "protocol": "tcp",
            "region": "regionOne",
            "remote_group_id": "",
            "remote_ip_prefix": "",
            "security_group_id": "9805e337-6875-40c3-a4d6-c8a03f0a087a",
            "tenant_id": "9ab97b0fd6984ca2a6261286b66f4cae",
            "timeouts": null
          },
          "sensitive_attributes": [],
          "private": "eyJlMmJmYjczMC1lY2FhLTExZTYtOGY4OC0zNDM2M2JjN2M0YzAiOnsiZGVsZXRlIjo2MDAwMDAwMDAwMDB9fQ==",
          "dependencies": [
            "openstack_networking_secgroup_v2.this"
          ]
        },
        {
          "index_key": "6443",
          "schema_version": 0,
          "attributes": {
            "description": "",
            "direction": "ingress",
            "ethertype": "IPv4",
            "id": "9cea94f3-dd4a-474f-914f-c488f2a8dd84",
            "port_range_max": 6443,
            "port_range_min": 6443,
            "protocol": "tcp",
            "region": "regionOne",
            "remote_group_id": "",
            "remote_ip_prefix": "",
            "security_group_id": "9805e337-6875-40c3-a4d6-c8a03f0a087a",
            "tenant_id": "9ab97b0fd6984ca2a6261286b66f4cae",
            "timeouts": null
          },
          "sensitive_attributes": [],
          "private": "eyJlMmJmYjczMC1lY2FhLTExZTYtOGY4OC0zNDM2M2JjN2M0YzAiOnsiZGVsZXRlIjo2MDAwMDAwMDAwMDB9fQ==",
          "dependencies": [
            "openstack_networking_secgroup_v2.this"
          ]
        },
        {
          "index_key": "80",
          "schema_version": 0,
          "attributes": {
            "description": "",
            "direction": "ingress",
            "ethertype": "IPv4",
            "id": "d6b1d6be-246d-4b39-930d-1da7646f3e79",
            "port_range_max": 80,
            "port_range_min": 80,
            "protocol": "tcp",
            "region": "regionOne",
            "remote_group_id": "",
            "remote_ip_prefix": "",
            "security_group_id": "9805e337-6875-40c3-a4d6-c8a03f0a087a",
            "tenant_id": "9ab97b0fd6984ca2a6261286b66f4cae",
            "timeouts": null
          },
          "sensitive_attributes": [],
          "private": "eyJlMmJmYjczMC1lY2FhLTExZTYtOGY4OC0zNDM2M2JjN2M0YzAiOnsiZGVsZXRlIjo2MDAwMDAwMDAwMDB9fQ==",
          "dependencies": [
            "openstack_networking_secgroup_v2.this"
          ]
        }
      ]
    },
    {
      "mode": "managed",
      "type": "openstack_networking_secgroup_v2",
      "name": "this",
      "provider": "provider[\"registry.terraform.io/terraform-provider-openstack/openstack\"]",
      "instances": [
        {
          "schema_version": 0,
          "attributes": {
            "all_tags": [],
            "delete_default_rules": null,
            "description": "",
            "id": "9805e337-6875-40c3-a4d6-c8a03f0a087a",
            "name": "polyflix-development",
            "region": "regionOne",
            "tags": [],
            "tenant_id": "9ab97b0fd6984ca2a6261286b66f4cae",
            "timeouts": null
          },
          "sensitive_attributes": [],
          "private": "eyJlMmJmYjczMC1lY2FhLTExZTYtOGY4OC0zNDM2M2JjN2M0YzAiOnsiZGVsZXRlIjo2MDAwMDAwMDAwMDB9fQ=="
        }
      ]
    },
    {
      "mode": "managed",
      "type": "openstack_networking_subnet_v2",
      "name": "this",
      "provider": "provider[\"registry.terraform.io/terraform-provider-openstack/openstack\"]",
      "instances": [
        {
          "schema_version": 0,
          "attributes": {
            "all_tags": [],
            "allocation_pool": [
              {
                "end": "10.1.0.254",
                "start": "10.1.0.2"
              }
            ],
            "allocation_pools": [
              {
                "end": "10.1.0.254",
                "start": "10.1.0.2"
              }
            ],
            "cidr": "10.1.0.0/24",
            "description": "",
            "dns_nameservers": [
              "1.1.1.1"
            ],
            "enable_dhcp": true,
            "gateway_ip": "10.1.0.1",
            "host_routes": [],
            "id": "5b19e3e7-4db1-45da-a3b4-5d21f31825ff",
            "ip_version": 4,
            "ipv6_address_mode": "",
            "ipv6_ra_mode": "",
            "name": "polyflix-development",
            "network_id": "9874096a-e3dd-4639-a3b6-abd3397147c6",
            "no_gateway": false,
            "prefix_length": null,
            "region": "regionOne",
            "service_types": [],
            "subnetpool_id": "",
            "tags": [],
            "tenant_id": "9ab97b0fd6984ca2a6261286b66f4cae",
            "timeouts": null,
            "value_specs": null
          },
          "sensitive_attributes": [],
          "private": "eyJlMmJmYjczMC1lY2FhLTExZTYtOGY4OC0zNDM2M2JjN2M0YzAiOnsiY3JlYXRlIjo2MDAwMDAwMDAwMDAsImRlbGV0ZSI6NjAwMDAwMDAwMDAwfX0=",
          "dependencies": [
            "openstack_networking_network_v2.this"
          ]
        }
      ]
    }
  ],
  "check_results": []
}
